
Microsoft Visual Studio Solution File, Format Version 12.00
# Visual Studio 15
VisualStudioVersion = 15.0.26430.16
MinimumVisualStudioVersion = 10.0.40219.1
Project("{FAE04EC0-301F-11D3-BF4B-00C04F79EFBC}") = "CertificationAutomation", "CertificationAutomation\CertificationAutomation.csproj", "{94B6611D-2573-439C-BF0E-FF1C4ABF68E2}"
EndProject
Project("{FAE04EC0-301F-11D3-BF4B-00C04F79EFBC}") = "CertificationTests", "CertificationTests\CertificationTests.csproj", "{FE9DD61B-3892-418A-8D51-41DEA5C79368}"
EndProject
Global
	GlobalSection(SolutionConfigurationPlatforms) = preSolution
		Debug|Any CPU = Debug|Any CPU
		Release|Any CPU = Release|Any CPU
	EndGlobalSection
	GlobalSection(ProjectConfigurationPlatforms) = postSolution
		{94B6611D-2573-439C-BF0E-FF1C4ABF68E2}.Debug|Any CPU.ActiveCfg = Debug|Any CPU
		{94B6611D-2573-439C-BF0E-FF1C4ABF68E2}.Debug|Any CPU.Build.0 = Debug|Any CPU
		{94B6611D-2573-439C-BF0E-FF1C4ABF68E2}.Release|Any CPU.ActiveCfg = Release|Any CPU
		{94B6611D-2573-439C-BF0E-FF1C4ABF68E2}.Release|Any CPU.Build.0 = Release|Any CPU
		{FE9DD61B-3892-418A-8D51-41DEA5C79368}.Debug|Any CPU.ActiveCfg = Debug|Any CPU
		{FE9DD61B-3892-418A-8D51-41DEA5C79368}.Debug|Any CPU.Build.0 = Debug|Any CPU
		{FE9DD61B-3892-418A-8D51-41DEA5C79368}.Release|Any CPU.ActiveCfg = Release|Any CPU
		{FE9DD61B-3892-418A-8D51-41DEA5C79368}.Release|Any CPU.Build.0 = Release|Any CPU
	EndGlobalSection
	GlobalSection(SolutionProperties) = preSolution
		HideSolutionNode = FALSE
	EndGlobalSection
EndGlobal
